
Microsoft Visual Studio Solution File, Format Version 12.00
# Visual Studio Version 16
VisualStudioVersion = 16.0.31105.61
MinimumVisualStudioVersion = 10.0.40219.1
Project("{FAE04EC0-301F-11D3-BF4B-00C04F79EFBC}") = "EmpPayRollADODay", "EmpPayRollADODay\EmpPayRollADODay.csproj", "{2F105287-10AB-4B4F-834C-0990B8DBFFBB}"
EndProject
Global
	GlobalSection(SolutionConfigurationPlatforms) = preSolution
		Debug|Any CPU = Debug|Any CPU
		Release|Any CPU = Release|Any CPU
	EndGlobalSection
	GlobalSection(ProjectConfigurationPlatforms) = postSolution
		{2F105287-10AB-4B4F-834C-0990B8DBFFBB}.Debug|Any CPU.ActiveCfg = Debug|Any CPU
		{2F105287-10AB-4B4F-834C-0990B8DBFFBB}.Debug|Any CPU.Build.0 = Debug|Any CPU
		{2F105287-10AB-4B4F-834C-0990B8DBFFBB}.Release|Any CPU.ActiveCfg = Release|Any CPU
		{2F105287-10AB-4B4F-834C-0990B8DBFFBB}.Release|Any CPU.Build.0 = Release|Any CPU
	EndGlobalSection
	GlobalSection(SolutionProperties) = preSolution
		HideSolutionNode = FALSE
	EndGlobalSection
	GlobalSection(ExtensibilityGlobals) = postSolution
		SolutionGuid = {159F8EEA-89EA-4A34-AF77-6D99FFEAB763}
	EndGlobalSection
EndGlobal
